
Microsoft Visual Studio Solution File, Format Version 12.00
# Visual Studio Version 17
VisualStudioVersion = 17.7.34024.191
MinimumVisualStudioVersion = 10.0.40219.1
Project("{2150E333-8FDC-42A3-9474-1A3956D46DE8}") = "Behavioral", "Behavioral", "{CF1CFDB1-FDB3-4A7C-8859-FC190D12C6B8}"
EndProject
Project("{2150E333-8FDC-42A3-9474-1A3956D46DE8}") = "Creational", "Creational", "{691881E4-BA5C-4130-A1AB-09A17105F4DA}"
EndProject
Project("{2150E333-8FDC-42A3-9474-1A3956D46DE8}") = "Structural", "Structural", "{6A67869D-1025-4C66-BE42-3CD1FD69A503}"
EndProject
Project("{9A19103F-16F7-4668-BE54-9A1E7A4F7556}") = "CommandPatternKitchen", "Behavioral\CommandPatternKitchen\CommandPatternKitchen.csproj", "{0917B765-9946-42F9-BE5E-98CAFDCC8034}"
EndProject
Project("{9A19103F-16F7-4668-BE54-9A1E7A4F7556}") = "CommandPatternRemoteTV", "Behavioral\CommandPatternRemoteTV\CommandPatternRemoteTV.csproj", "{277F4719-D05C-4023-9679-ED079A70C1E7}"
EndProject
Project("{9A19103F-16F7-4668-BE54-9A1E7A4F7556}") = "ObserverPatternMonitorinSystem", "Behavioral\ObserverPatternMonitorinSystem\ObserverPatternMonitorinSystem.csproj", "{AF32C572-8B24-4C15-BE80-3F497FFEF7EE}"
EndProject
Project("{9A19103F-16F7-4668-BE54-9A1E7A4F7556}") = "ObserverPatternWeatherMonitoring", "Behavioral\ObserverPatternWeatherMonitoring\ObserverPatternWeatherMonitoring.csproj", "{115617AF-1A12-48D5-B776-7D3D7409267A}"
EndProject
Project("{9A19103F-16F7-4668-BE54-9A1E7A4F7556}") = "StrategyPatternPaymentSystem", "Behavioral\StrategyPatternPaymentSystem\StrategyPatternPaymentSystem.csproj", "{BD53C429-4DEF-4DD8-90DF-16A191855BF0}"
EndProject
Project("{9A19103F-16F7-4668-BE54-9A1E7A4F7556}") = "StrategyPatternTaxCalculator", "Behavioral\StrategyPatternTaxCalculator\StrategyPatternTaxCalculator.csproj", "{A82124DE-FA1A-415E-AA2F-F563578AE7DF}"
EndProject
Project("{9A19103F-16F7-4668-BE54-9A1E7A4F7556}") = "VisitorPatternOnlineShop", "Behavioral\VisitorPatternOnlineShop\VisitorPatternOnlineShop.csproj", "{C0222FC9-B63B-4922-9DDD-4E14F6457726}"
EndProject
Project("{9A19103F-16F7-4668-BE54-9A1E7A4F7556}") = "VisitorPatternZoo.cs", "Behavioral\VisitorPatternZoo.cs\VisitorPatternZoo.cs.csproj", "{D7AC248E-794E-4230-955C-149BF02EECBB}"
EndProject
Project("{9A19103F-16F7-4668-BE54-9A1E7A4F7556}") = "CompositeFileSystem", "Structural\CompositeFileSystem\CompositeFileSystem.csproj", "{72C3A3AC-9214-4737-A9E5-6F608B2701B9}"
EndProject
Project("{9A19103F-16F7-4668-BE54-9A1E7A4F7556}") = "DecoratorPizza", "Structural\DecoratorPizza\DecoratorPizza.csproj", "{74753BA1-D067-499F-83CF-206264FA1518}"
EndProject
Project("{FAE04EC0-301F-11D3-BF4B-00C04F79EFBC}") = "FactoryPaymentGateway", "FactoryPAymentGateway\FactoryPaymentGateway.csproj", "{AB763F8B-C525-4D39-A628-793E226E3633}"
EndProject
Project("{FAE04EC0-301F-11D3-BF4B-00C04F79EFBC}") = "AbstractFactoryPaymentSystem", "AbstractFactoryPaymentSystem\AbstractFactoryPaymentSystem.csproj", "{62EC3D39-8930-402A-9EA6-50F14C34D4F4}"
EndProject
Project("{FAE04EC0-301F-11D3-BF4B-00C04F79EFBC}") = "Singleton", "Singleton\Singleton.csproj", "{42E45AA7-8691-41BB-BB00-3D986B9718B6}"
EndProject
Project("{FAE04EC0-301F-11D3-BF4B-00C04F79EFBC}") = "PrototypeEmployeeManager", "PrototypeEmployeeManager\PrototypeEmployeeManager.csproj", "{1CAAA933-0A8C-40ED-978F-4BD2B684CE88}"
EndProject
Project("{FAE04EC0-301F-11D3-BF4B-00C04F79EFBC}") = "BuilderComputerBuilder", "BuilderComputerBuilder\BuilderComputerBuilder.csproj", "{B83D4680-FF88-4709-8012-B05A2632D88B}"
EndProject
Global
	GlobalSection(SolutionConfigurationPlatforms) = preSolution
		Debug|Any CPU = Debug|Any CPU
		Release|Any CPU = Release|Any CPU
	EndGlobalSection
	GlobalSection(ProjectConfigurationPlatforms) = postSolution
		{0917B765-9946-42F9-BE5E-98CAFDCC8034}.Debug|Any CPU.ActiveCfg = Debug|Any CPU
		{0917B765-9946-42F9-BE5E-98CAFDCC8034}.Debug|Any CPU.Build.0 = Debug|Any CPU
		{0917B765-9946-42F9-BE5E-98CAFDCC8034}.Release|Any CPU.ActiveCfg = Release|Any CPU
		{0917B765-9946-42F9-BE5E-98CAFDCC8034}.Release|Any CPU.Build.0 = Release|Any CPU
		{277F4719-D05C-4023-9679-ED079A70C1E7}.Debug|Any CPU.ActiveCfg = Debug|Any CPU
		{277F4719-D05C-4023-9679-ED079A70C1E7}.Debug|Any CPU.Build.0 = Debug|Any CPU
		{277F4719-D05C-4023-9679-ED079A70C1E7}.Release|Any CPU.ActiveCfg = Release|Any CPU
		{277F4719-D05C-4023-9679-ED079A70C1E7}.Release|Any CPU.Build.0 = Release|Any CPU
		{AF32C572-8B24-4C15-BE80-3F497FFEF7EE}.Debug|Any CPU.ActiveCfg = Debug|Any CPU
		{AF32C572-8B24-4C15-BE80-3F497FFEF7EE}.Debug|Any CPU.Build.0 = Debug|Any CPU
		{AF32C572-8B24-4C15-BE80-3F497FFEF7EE}.Release|Any CPU.ActiveCfg = Release|Any CPU
		{AF32C572-8B24-4C15-BE80-3F497FFEF7EE}.Release|Any CPU.Build.0 = Release|Any CPU
		{115617AF-1A12-48D5-B776-7D3D7409267A}.Debug|Any CPU.ActiveCfg = Debug|Any CPU
		{115617AF-1A12-48D5-B776-7D3D7409267A}.Debug|Any CPU.Build.0 = Debug|Any CPU
		{115617AF-1A12-48D5-B776-7D3D7409267A}.Release|Any CPU.ActiveCfg = Release|Any CPU
		{115617AF-1A12-48D5-B776-7D3D7409267A}.Release|Any CPU.Build.0 = Release|Any CPU
		{BD53C429-4DEF-4DD8-90DF-16A191855BF0}.Debug|Any CPU.ActiveCfg = Debug|Any CPU
		{BD53C429-4DEF-4DD8-90DF-16A191855BF0}.Debug|Any CPU.Build.0 = Debug|Any CPU
		{BD53C429-4DEF-4DD8-90DF-16A191855BF0}.Release|Any CPU.ActiveCfg = Release|Any CPU
		{BD53C429-4DEF-4DD8-90DF-16A191855BF0}.Release|Any CPU.Build.0 = Release|Any CPU
		{A82124DE-FA1A-415E-AA2F-F563578AE7DF}.Debug|Any CPU.ActiveCfg = Debug|Any CPU
		{A82124DE-FA1A-415E-AA2F-F563578AE7DF}.Debug|Any CPU.Build.0 = Debug|Any CPU
		{A82124DE-FA1A-415E-AA2F-F563578AE7DF}.Release|Any CPU.ActiveCfg = Release|Any CPU
		{A82124DE-FA1A-415E-AA2F-F563578AE7DF}.Release|Any CPU.Build.0 = Release|Any CPU
		{C0222FC9-B63B-4922-9DDD-4E14F6457726}.Debug|Any CPU.ActiveCfg = Debug|Any CPU
		{C0222FC9-B63B-4922-9DDD-4E14F6457726}.Debug|Any CPU.Build.0 = Debug|Any CPU
		{C0222FC9-B63B-4922-9DDD-4E14F6457726}.Release|Any CPU.ActiveCfg = Release|Any CPU
		{C0222FC9-B63B-4922-9DDD-4E14F6457726}.Release|Any CPU.Build.0 = Release|Any CPU
		{D7AC248E-794E-4230-955C-149BF02EECBB}.Debug|Any CPU.ActiveCfg = Debug|Any CPU
		{D7AC248E-794E-4230-955C-149BF02EECBB}.Debug|Any CPU.Build.0 = Debug|Any CPU
		{D7AC248E-794E-4230-955C-149BF02EECBB}.Release|Any CPU.ActiveCfg = Release|Any CPU
		{D7AC248E-794E-4230-955C-149BF02EECBB}.Release|Any CPU.Build.0 = Release|Any CPU
		{72C3A3AC-9214-4737-A9E5-6F608B2701B9}.Debug|Any CPU.ActiveCfg = Debug|Any CPU
		{72C3A3AC-9214-4737-A9E5-6F608B2701B9}.Debug|Any CPU.Build.0 = Debug|Any CPU
		{72C3A3AC-9214-4737-A9E5-6F608B2701B9}.Release|Any CPU.ActiveCfg = Release|Any CPU
		{72C3A3AC-9214-4737-A9E5-6F608B2701B9}.Release|Any CPU.Build.0 = Release|Any CPU
		{74753BA1-D067-499F-83CF-206264FA1518}.Debug|Any CPU.ActiveCfg = Debug|Any CPU
		{74753BA1-D067-499F-83CF-206264FA1518}.Debug|Any CPU.Build.0 = Debug|Any CPU
		{74753BA1-D067-499F-83CF-206264FA1518}.Release|Any CPU.ActiveCfg = Release|Any CPU
		{74753BA1-D067-499F-83CF-206264FA1518}.Release|Any CPU.Build.0 = Release|Any CPU
		{AB763F8B-C525-4D39-A628-793E226E3633}.Debug|Any CPU.ActiveCfg = Debug|Any CPU
		{AB763F8B-C525-4D39-A628-793E226E3633}.Debug|Any CPU.Build.0 = Debug|Any CPU
		{AB763F8B-C525-4D39-A628-793E226E3633}.Release|Any CPU.ActiveCfg = Release|Any CPU
		{AB763F8B-C525-4D39-A628-793E226E3633}.Release|Any CPU.Build.0 = Release|Any CPU
		{62EC3D39-8930-402A-9EA6-50F14C34D4F4}.Debug|Any CPU.ActiveCfg = Debug|Any CPU
		{62EC3D39-8930-402A-9EA6-50F14C34D4F4}.Debug|Any CPU.Build.0 = Debug|Any CPU
		{62EC3D39-8930-402A-9EA6-50F14C34D4F4}.Release|Any CPU.ActiveCfg = Release|Any CPU
		{62EC3D39-8930-402A-9EA6-50F14C34D4F4}.Release|Any CPU.Build.0 = Release|Any CPU
		{42E45AA7-8691-41BB-BB00-3D986B9718B6}.Debug|Any CPU.ActiveCfg = Debug|Any CPU
		{42E45AA7-8691-41BB-BB00-3D986B9718B6}.Debug|Any CPU.Build.0 = Debug|Any CPU
		{42E45AA7-8691-41BB-BB00-3D986B9718B6}.Release|Any CPU.ActiveCfg = Release|Any CPU
		{42E45AA7-8691-41BB-BB00-3D986B9718B6}.Release|Any CPU.Build.0 = Release|Any CPU
		{1CAAA933-0A8C-40ED-978F-4BD2B684CE88}.Debug|Any CPU.ActiveCfg = Debug|Any CPU
		{1CAAA933-0A8C-40ED-978F-4BD2B684CE88}.Debug|Any CPU.Build.0 = Debug|Any CPU
		{1CAAA933-0A8C-40ED-978F-4BD2B684CE88}.Release|Any CPU.ActiveCfg = Release|Any CPU
		{1CAAA933-0A8C-40ED-978F-4BD2B684CE88}.Release|Any CPU.Build.0 = Release|Any CPU
		{B83D4680-FF88-4709-8012-B05A2632D88B}.Debug|Any CPU.ActiveCfg = Debug|Any CPU
		{B83D4680-FF88-4709-8012-B05A2632D88B}.Debug|Any CPU.Build.0 = Debug|Any CPU
		{B83D4680-FF88-4709-8012-B05A2632D88B}.Release|Any CPU.ActiveCfg = Release|Any CPU
		{B83D4680-FF88-4709-8012-B05A2632D88B}.Release|Any CPU.Build.0 = Release|Any CPU
	EndGlobalSection
	GlobalSection(SolutionProperties) = preSolution
		HideSolutionNode = FALSE
	EndGlobalSection
	GlobalSection(NestedProjects) = preSolution
		{0917B765-9946-42F9-BE5E-98CAFDCC8034} = {CF1CFDB1-FDB3-4A7C-8859-FC190D12C6B8}
		{277F4719-D05C-4023-9679-ED079A70C1E7} = {CF1CFDB1-FDB3-4A7C-8859-FC190D12C6B8}
		{AF32C572-8B24-4C15-BE80-3F497FFEF7EE} = {CF1CFDB1-FDB3-4A7C-8859-FC190D12C6B8}
		{115617AF-1A12-48D5-B776-7D3D7409267A} = {CF1CFDB1-FDB3-4A7C-8859-FC190D12C6B8}
		{BD53C429-4DEF-4DD8-90DF-16A191855BF0} = {CF1CFDB1-FDB3-4A7C-8859-FC190D12C6B8}
		{A82124DE-FA1A-415E-AA2F-F563578AE7DF} = {CF1CFDB1-FDB3-4A7C-8859-FC190D12C6B8}
		{C0222FC9-B63B-4922-9DDD-4E14F6457726} = {CF1CFDB1-FDB3-4A7C-8859-FC190D12C6B8}
		{D7AC248E-794E-4230-955C-149BF02EECBB} = {CF1CFDB1-FDB3-4A7C-8859-FC190D12C6B8}
		{72C3A3AC-9214-4737-A9E5-6F608B2701B9} = {6A67869D-1025-4C66-BE42-3CD1FD69A503}
		{74753BA1-D067-499F-83CF-206264FA1518} = {6A67869D-1025-4C66-BE42-3CD1FD69A503}
		{AB763F8B-C525-4D39-A628-793E226E3633} = {691881E4-BA5C-4130-A1AB-09A17105F4DA}
		{62EC3D39-8930-402A-9EA6-50F14C34D4F4} = {691881E4-BA5C-4130-A1AB-09A17105F4DA}
		{42E45AA7-8691-41BB-BB00-3D986B9718B6} = {691881E4-BA5C-4130-A1AB-09A17105F4DA}
		{1CAAA933-0A8C-40ED-978F-4BD2B684CE88} = {691881E4-BA5C-4130-A1AB-09A17105F4DA}
		{B83D4680-FF88-4709-8012-B05A2632D88B} = {691881E4-BA5C-4130-A1AB-09A17105F4DA}
	EndGlobalSection
	GlobalSection(ExtensibilityGlobals) = postSolution
		SolutionGuid = {31B02030-A492-4505-AF02-7A00BD48B1F1}
	EndGlobalSection
EndGlobal
